
Microsoft Visual Studio Solution File, Format Version 12.00
# Visual Studio 15
VisualStudioVersion = 15.0.28307.421
MinimumVisualStudioVersion = 10.0.40219.1
Project("{FAE04EC0-301F-11D3-BF4B-00C04F79EFBC}") = "SamplesLibrary", "SamplesLibrary\SamplesLibrary.csproj", "{CC39B748-3384-404D-8F0C-E4497AF6D7A4}"
EndProject
Project("{FAE04EC0-301F-11D3-BF4B-00C04F79EFBC}") = "Excersise03", "Excersise03\Excersise03.csproj", "{9B27FDA1-EF08-4F79-8A4B-8949C2C10361}"
EndProject
Project("{FAE04EC0-301F-11D3-BF4B-00C04F79EFBC}") = "Utils", "..\Excersise02Solution\Utils\Utils.csproj", "{FC026C2C-E316-405A-B7F8-959533F94C27}"
EndProject
Global
	GlobalSection(SolutionConfigurationPlatforms) = preSolution
		Debug|Any CPU = Debug|Any CPU
		Release|Any CPU = Release|Any CPU
	EndGlobalSection
	GlobalSection(ProjectConfigurationPlatforms) = postSolution
		{CC39B748-3384-404D-8F0C-E4497AF6D7A4}.Debug|Any CPU.ActiveCfg = Debug|Any CPU
		{CC39B748-3384-404D-8F0C-E4497AF6D7A4}.Debug|Any CPU.Build.0 = Debug|Any CPU
		{CC39B748-3384-404D-8F0C-E4497AF6D7A4}.Release|Any CPU.ActiveCfg = Release|Any CPU
		{CC39B748-3384-404D-8F0C-E4497AF6D7A4}.Release|Any CPU.Build.0 = Release|Any CPU
		{9B27FDA1-EF08-4F79-8A4B-8949C2C10361}.Debug|Any CPU.ActiveCfg = Debug|Any CPU
		{9B27FDA1-EF08-4F79-8A4B-8949C2C10361}.Debug|Any CPU.Build.0 = Debug|Any CPU
		{9B27FDA1-EF08-4F79-8A4B-8949C2C10361}.Release|Any CPU.ActiveCfg = Release|Any CPU
		{9B27FDA1-EF08-4F79-8A4B-8949C2C10361}.Release|Any CPU.Build.0 = Release|Any CPU
		{FC026C2C-E316-405A-B7F8-959533F94C27}.Debug|Any CPU.ActiveCfg = Debug|Any CPU
		{FC026C2C-E316-405A-B7F8-959533F94C27}.Debug|Any CPU.Build.0 = Debug|Any CPU
		{FC026C2C-E316-405A-B7F8-959533F94C27}.Release|Any CPU.ActiveCfg = Release|Any CPU
		{FC026C2C-E316-405A-B7F8-959533F94C27}.Release|Any CPU.Build.0 = Release|Any CPU
	EndGlobalSection
	GlobalSection(SolutionProperties) = preSolution
		HideSolutionNode = FALSE
	EndGlobalSection
	GlobalSection(ExtensibilityGlobals) = postSolution
		SolutionGuid = {EDD7333A-31FD-4392-B071-9935301C6B5E}
	EndGlobalSection
EndGlobal
