
Microsoft Visual Studio Solution File, Format Version 12.00
# Visual Studio 15
VisualStudioVersion = 15.0.28307.438
MinimumVisualStudioVersion = 10.0.40219.1
Project("{FAE04EC0-301F-11D3-BF4B-00C04F79EFBC}") = "ChampionsLeague.Application", "ChampionsLeague.Application\ChampionsLeague.Application.csproj", "{1F5FAF85-F15D-45A4-80C2-B9BF532D402E}"
EndProject
Project("{FAE04EC0-301F-11D3-BF4B-00C04F79EFBC}") = "ChampionsLeague.Common", "ChampionsLeague.Common\ChampionsLeague.Common.csproj", "{15251719-261E-43F5-A3F0-6649D8C70010}"
EndProject
Project("{FAE04EC0-301F-11D3-BF4B-00C04F79EFBC}") = "ChampionsLeague.Common.Test", "ChampionsLeague.Common.Tests\ChampionsLeague.Common.Tests.csproj", "{13EDF2B3-794E-443F-83D7-8ECBA5690ACA}"
EndProject
Global
	GlobalSection(SolutionConfigurationPlatforms) = preSolution
		Debug|Any CPU = Debug|Any CPU
		Release|Any CPU = Release|Any CPU
	EndGlobalSection
	GlobalSection(ProjectConfigurationPlatforms) = postSolution
		{1F5FAF85-F15D-45A4-80C2-B9BF532D402E}.Debug|Any CPU.ActiveCfg = Debug|Any CPU
		{1F5FAF85-F15D-45A4-80C2-B9BF532D402E}.Debug|Any CPU.Build.0 = Debug|Any CPU
		{1F5FAF85-F15D-45A4-80C2-B9BF532D402E}.Release|Any CPU.ActiveCfg = Release|Any CPU
		{1F5FAF85-F15D-45A4-80C2-B9BF532D402E}.Release|Any CPU.Build.0 = Release|Any CPU
		{15251719-261E-43F5-A3F0-6649D8C70010}.Debug|Any CPU.ActiveCfg = Debug|Any CPU
		{15251719-261E-43F5-A3F0-6649D8C70010}.Debug|Any CPU.Build.0 = Debug|Any CPU
		{15251719-261E-43F5-A3F0-6649D8C70010}.Release|Any CPU.ActiveCfg = Release|Any CPU
		{15251719-261E-43F5-A3F0-6649D8C70010}.Release|Any CPU.Build.0 = Release|Any CPU
		{13EDF2B3-794E-443F-83D7-8ECBA5690ACA}.Debug|Any CPU.ActiveCfg = Debug|Any CPU
		{13EDF2B3-794E-443F-83D7-8ECBA5690ACA}.Debug|Any CPU.Build.0 = Debug|Any CPU
		{13EDF2B3-794E-443F-83D7-8ECBA5690ACA}.Release|Any CPU.ActiveCfg = Release|Any CPU
		{13EDF2B3-794E-443F-83D7-8ECBA5690ACA}.Release|Any CPU.Build.0 = Release|Any CPU
	EndGlobalSection
	GlobalSection(SolutionProperties) = preSolution
		HideSolutionNode = FALSE
	EndGlobalSection
	GlobalSection(ExtensibilityGlobals) = postSolution
		SolutionGuid = {0C838BD0-45F0-408C-98AF-FEA34C16A62B}
	EndGlobalSection
EndGlobal
