
Microsoft Visual Studio Solution File, Format Version 12.00
# Visual Studio 15
VisualStudioVersion = 15.0.28307.421
MinimumVisualStudioVersion = 10.0.40219.1
Project("{FAE04EC0-301F-11D3-BF4B-00C04F79EFBC}") = "Excersise02", "Excersise02\Excersise02.csproj", "{7E44E1DB-8EA4-4402-8B99-76CAD01B93EE}"
EndProject
Project("{FAE04EC0-301F-11D3-BF4B-00C04F79EFBC}") = "Utils", "Utils\Utils.csproj", "{FC026C2C-E316-405A-B7F8-959533F94C27}"
EndProject
Global
	GlobalSection(SolutionConfigurationPlatforms) = preSolution
		Debug|Any CPU = Debug|Any CPU
		Release|Any CPU = Release|Any CPU
	EndGlobalSection
	GlobalSection(ProjectConfigurationPlatforms) = postSolution
		{7E44E1DB-8EA4-4402-8B99-76CAD01B93EE}.Debug|Any CPU.ActiveCfg = Debug|Any CPU
		{7E44E1DB-8EA4-4402-8B99-76CAD01B93EE}.Debug|Any CPU.Build.0 = Debug|Any CPU
		{7E44E1DB-8EA4-4402-8B99-76CAD01B93EE}.Release|Any CPU.ActiveCfg = Release|Any CPU
		{7E44E1DB-8EA4-4402-8B99-76CAD01B93EE}.Release|Any CPU.Build.0 = Release|Any CPU
		{FC026C2C-E316-405A-B7F8-959533F94C27}.Debug|Any CPU.ActiveCfg = Debug|Any CPU
		{FC026C2C-E316-405A-B7F8-959533F94C27}.Debug|Any CPU.Build.0 = Debug|Any CPU
		{FC026C2C-E316-405A-B7F8-959533F94C27}.Release|Any CPU.ActiveCfg = Release|Any CPU
		{FC026C2C-E316-405A-B7F8-959533F94C27}.Release|Any CPU.Build.0 = Release|Any CPU
	EndGlobalSection
	GlobalSection(SolutionProperties) = preSolution
		HideSolutionNode = FALSE
	EndGlobalSection
	GlobalSection(ExtensibilityGlobals) = postSolution
		SolutionGuid = {68991251-8A68-4C76-8D26-A479F4DC0B6B}
	EndGlobalSection
EndGlobal
