
Microsoft Visual Studio Solution File, Format Version 12.00
# Visual Studio 15
VisualStudioVersion = 15.0.28307.572
MinimumVisualStudioVersion = 10.0.40219.1
Project("{9A19103F-16F7-4668-BE54-9A1E7A4F7556}") = "TipAndTricks", "TipAndTricks\TipAndTricks.csproj", "{E9CFB547-7E36-4562-AD77-93024A3CDEB2}"
EndProject
Project("{9A19103F-16F7-4668-BE54-9A1E7A4F7556}") = "TipAndTricks.Tests", "TipAndTricks.Tests\TipAndTricks.Tests.csproj", "{3F14C3E5-9A6E-41A3-9E39-25C2631468DA}"
EndProject
Project("{FAE04EC0-301F-11D3-BF4B-00C04F79EFBC}") = "TCPServer", "TCPServer\TCPServer.csproj", "{6FAC6744-8B31-49BD-9F48-3F5160379233}"
EndProject
Project("{FAE04EC0-301F-11D3-BF4B-00C04F79EFBC}") = "TCPClient", "TCPClient\TCPClient.csproj", "{FE78C5B8-2CE8-48D2-9CBA-043B0802C7FC}"
EndProject
Global
	GlobalSection(SolutionConfigurationPlatforms) = preSolution
		Debug|Any CPU = Debug|Any CPU
		Release|Any CPU = Release|Any CPU
	EndGlobalSection
	GlobalSection(ProjectConfigurationPlatforms) = postSolution
		{E9CFB547-7E36-4562-AD77-93024A3CDEB2}.Debug|Any CPU.ActiveCfg = Debug|Any CPU
		{E9CFB547-7E36-4562-AD77-93024A3CDEB2}.Debug|Any CPU.Build.0 = Debug|Any CPU
		{E9CFB547-7E36-4562-AD77-93024A3CDEB2}.Release|Any CPU.ActiveCfg = Release|Any CPU
		{E9CFB547-7E36-4562-AD77-93024A3CDEB2}.Release|Any CPU.Build.0 = Release|Any CPU
		{3F14C3E5-9A6E-41A3-9E39-25C2631468DA}.Debug|Any CPU.ActiveCfg = Debug|Any CPU
		{3F14C3E5-9A6E-41A3-9E39-25C2631468DA}.Debug|Any CPU.Build.0 = Debug|Any CPU
		{3F14C3E5-9A6E-41A3-9E39-25C2631468DA}.Release|Any CPU.ActiveCfg = Release|Any CPU
		{3F14C3E5-9A6E-41A3-9E39-25C2631468DA}.Release|Any CPU.Build.0 = Release|Any CPU
		{6FAC6744-8B31-49BD-9F48-3F5160379233}.Debug|Any CPU.ActiveCfg = Debug|Any CPU
		{6FAC6744-8B31-49BD-9F48-3F5160379233}.Debug|Any CPU.Build.0 = Debug|Any CPU
		{6FAC6744-8B31-49BD-9F48-3F5160379233}.Release|Any CPU.ActiveCfg = Release|Any CPU
		{6FAC6744-8B31-49BD-9F48-3F5160379233}.Release|Any CPU.Build.0 = Release|Any CPU
		{FE78C5B8-2CE8-48D2-9CBA-043B0802C7FC}.Debug|Any CPU.ActiveCfg = Debug|Any CPU
		{FE78C5B8-2CE8-48D2-9CBA-043B0802C7FC}.Debug|Any CPU.Build.0 = Debug|Any CPU
		{FE78C5B8-2CE8-48D2-9CBA-043B0802C7FC}.Release|Any CPU.ActiveCfg = Release|Any CPU
		{FE78C5B8-2CE8-48D2-9CBA-043B0802C7FC}.Release|Any CPU.Build.0 = Release|Any CPU
	EndGlobalSection
	GlobalSection(SolutionProperties) = preSolution
		HideSolutionNode = FALSE
	EndGlobalSection
	GlobalSection(ExtensibilityGlobals) = postSolution
		SolutionGuid = {A9F3501E-B4D2-40B7-BB5C-313ABE90253C}
	EndGlobalSection
EndGlobal
