
Microsoft Visual Studio Solution File, Format Version 12.00
# Visual Studio 15
VisualStudioVersion = 15.0.28307.421
MinimumVisualStudioVersion = 10.0.40219.1
Project("{9A19103F-16F7-4668-BE54-9A1E7A4F7556}") = "MessagesLibrary", "MessagesLibrary\MessagesLibrary.csproj", "{ADAB9FAC-1B6C-4D90-8DAC-8544E6D365A0}"
EndProject
Project("{9A19103F-16F7-4668-BE54-9A1E7A4F7556}") = "MessagesLibrary.Test", "MessagesLibrary.Test\MessagesLibrary.Test.csproj", "{4115DCA6-03B8-45E7-B52B-7723AD05110C}"
EndProject
Project("{FAE04EC0-301F-11D3-BF4B-00C04F79EFBC}") = "MessageLogger", "MessageLogger\MessageLogger.csproj", "{B13F9BDE-F9E8-4254-BC14-233EB789ED3E}"
EndProject
Global
	GlobalSection(SolutionConfigurationPlatforms) = preSolution
		Debug|Any CPU = Debug|Any CPU
		Release|Any CPU = Release|Any CPU
	EndGlobalSection
	GlobalSection(ProjectConfigurationPlatforms) = postSolution
		{ADAB9FAC-1B6C-4D90-8DAC-8544E6D365A0}.Debug|Any CPU.ActiveCfg = Debug|Any CPU
		{ADAB9FAC-1B6C-4D90-8DAC-8544E6D365A0}.Debug|Any CPU.Build.0 = Debug|Any CPU
		{ADAB9FAC-1B6C-4D90-8DAC-8544E6D365A0}.Release|Any CPU.ActiveCfg = Release|Any CPU
		{ADAB9FAC-1B6C-4D90-8DAC-8544E6D365A0}.Release|Any CPU.Build.0 = Release|Any CPU
		{4115DCA6-03B8-45E7-B52B-7723AD05110C}.Debug|Any CPU.ActiveCfg = Debug|Any CPU
		{4115DCA6-03B8-45E7-B52B-7723AD05110C}.Debug|Any CPU.Build.0 = Debug|Any CPU
		{4115DCA6-03B8-45E7-B52B-7723AD05110C}.Release|Any CPU.ActiveCfg = Release|Any CPU
		{4115DCA6-03B8-45E7-B52B-7723AD05110C}.Release|Any CPU.Build.0 = Release|Any CPU
		{B13F9BDE-F9E8-4254-BC14-233EB789ED3E}.Debug|Any CPU.ActiveCfg = Debug|Any CPU
		{B13F9BDE-F9E8-4254-BC14-233EB789ED3E}.Debug|Any CPU.Build.0 = Debug|Any CPU
		{B13F9BDE-F9E8-4254-BC14-233EB789ED3E}.Release|Any CPU.ActiveCfg = Release|Any CPU
		{B13F9BDE-F9E8-4254-BC14-233EB789ED3E}.Release|Any CPU.Build.0 = Release|Any CPU
	EndGlobalSection
	GlobalSection(SolutionProperties) = preSolution
		HideSolutionNode = FALSE
	EndGlobalSection
	GlobalSection(ExtensibilityGlobals) = postSolution
		SolutionGuid = {09A131C3-0970-4F3C-9989-FCCF6E60D9FC}
	EndGlobalSection
EndGlobal
